// !$*UTF8*$!
{
	archiveVersion = 1;
	classes = {
	};
	objectVersion = 77;
	objects = {

/* Begin PBXContainerItemProxy section */
		BEF14CFF2D318702008A0B3C /* PBXContainerItemProxy */ = {
			isa = PBXContainerItemProxy;
			containerPortal = BEF14CE12D318700008A0B3C /* Project object */;
			proxyType = 1;
			remoteGlobalIDString = BEF14CE82D318700008A0B3C;
			remoteInfo = SimpleFitness;
		};
		BEF14D092D318702008A0B3C /* PBXContainerItemProxy */ = {
			isa = PBXContainerItemProxy;
			containerPortal = BEF14CE12D318700008A0B3C /* Project object */;
			proxyType = 1;
			remoteGlobalIDString = BEF14CE82D318700008A0B3C;
			remoteInfo = SimpleFitness;
		};
/* End PBXContainerItemProxy section */

/* Begin PBXFileReference section */
		BE405DB12D319794006B3CC6 /* SimpleFitness.app */ = {isa = PBXFileReference; explicitFileType = wrapper.application; includeInIndex = 0; path = SimpleFitness.app; sourceTree = BUILT_PRODUCTS_DIR; };
		BE405DC12D31A8D9006B3CC6 /* SimpleFitnessTests.xctest */ = {isa = PBXFileReference; explicitFileType = wrapper.cfbundle; includeInIndex = 0; path = SimpleFitnessTests.xctest; sourceTree = BUILT_PRODUCTS_DIR; };
		BE405DC22D31A8D9006B3CC6 /* SimpleFitnessUITests.xctest */ = {isa = PBXFileReference; explicitFileType = wrapper.cfbundle; includeInIndex = 0; path = SimpleFitnessUITests.xctest; sourceTree = BUILT_PRODUCTS_DIR; };
		BE405DFA2D31A8F4006B3CC6 /* Workout+CoreDataClass.swift */ = {isa = PBXFileReference; lastKnownFileType = sourcecode.swift; name = "Workout+CoreDataClass.swift"; path = "SimpleFitness/Core/Models/Workout+CoreDataClass.swift"; sourceTree = "<group>"; };
		BE405DFB2D31A8F4006B3CC6 /* Workout+CoreDataProperties.swift */ = {isa = PBXFileReference; lastKnownFileType = sourcecode.swift; name = "Workout+CoreDataProperties.swift"; path = "SimpleFitness/Core/Models/Workout+CoreDataProperties.swift"; sourceTree = "<group>"; };
/* End PBXFileReference section */

/* Begin PBXFileSystemSynchronizedBuildFileExceptionSet section */
		BE405DB02D3196E9006B3CC6 /* Exceptions for "SimpleFitness" folder in "SimpleFitness" target */ = {
			isa = PBXFileSystemSynchronizedBuildFileExceptionSet;
			membershipExceptions = (
				Core/Models/SimpleFitnessModel.xcdatamodeld,
				Features/Workouts/Add/Components/ExerciseSelector/ExerciseTemplateList.swift,
				Features/Workouts/Add/Components/ExerciseSelector/ExerciseTemplateListViewModel.swift,
				Features/Workouts/Add/Components/ExerciseSelector/ExerciseTemplateRow.swift,
				Features/Workouts/Add/Components/ExerciseSets/SetList.swift,
				Features/Workouts/Add/Components/ExerciseSets/SetRow.swift,
				Features/Workouts/WorkoutListView.swift,
				Features/Workouts/WorkoutListViewModel.swift,
				Info.plist,
				Resources/Info.plist,
			);
			target = BEF14CE82D318700008A0B3C /* SimpleFitness */;
		};
/* End PBXFileSystemSynchronizedBuildFileExceptionSet section */

/* Begin PBXFileSystemSynchronizedGroupBuildPhaseMembershipExceptionSet section */
		BE405EB22D31B45C006B3CC6 /* Exceptions for "SimpleFitness" folder in "Copy Bundle Resources" phase from "SimpleFitness" target */ = {
			isa = PBXFileSystemSynchronizedGroupBuildPhaseMembershipExceptionSet;
			buildPhase = BEF14CE72D318700008A0B3C /* Resources */;
			membershipExceptions = (
				Core/Models/SimpleFitnessModel.xcdatamodeld,
			);
		};
/* End PBXFileSystemSynchronizedGroupBuildPhaseMembershipExceptionSet section */

/* Begin PBXFileSystemSynchronizedRootGroup section */
		BEF14CEB2D318700008A0B3C /* SimpleFitness */ = {
			isa = PBXFileSystemSynchronizedRootGroup;
			exceptions = (
				BE405DB02D3196E9006B3CC6 /* Exceptions for "SimpleFitness" folder in "SimpleFitness" target */,
				BE405EB22D31B45C006B3CC6 /* Exceptions for "SimpleFitness" folder in "Copy Bundle Resources" phase from "SimpleFitness" target */,
			);
			path = SimpleFitness;
			sourceTree = "<group>";
		};
		BEF14D012D318702008A0B3C /* SimpleFitnessTests */ = {
			isa = PBXFileSystemSynchronizedRootGroup;
			path = SimpleFitnessTests;
			sourceTree = "<group>";
		};
		BEF14D0B2D318702008A0B3C /* SimpleFitnessUITests */ = {
			isa = PBXFileSystemSynchronizedRootGroup;
			path = SimpleFitnessUITests;
			sourceTree = "<group>";
		};
/* End PBXFileSystemSynchronizedRootGroup section */

/* Begin PBXFrameworksBuildPhase section */
		BEF14CE62D318700008A0B3C /* Frameworks */ = {
			isa = PBXFrameworksBuildPhase;
			buildActionMask = 2147483647;
			files = (
			);
			runOnlyForDeploymentPostprocessing = 0;
		};
		BEF14CFB2D318702008A0B3C /* Frameworks */ = {
			isa = PBXFrameworksBuildPhase;
			buildActionMask = 2147483647;
			files = (
			);
			runOnlyForDeploymentPostprocessing = 0;
		};
		BEF14D052D318702008A0B3C /* Frameworks */ = {
			isa = PBXFrameworksBuildPhase;
			buildActionMask = 2147483647;
			files = (
			);
			runOnlyForDeploymentPostprocessing = 0;
		};
/* End PBXFrameworksBuildPhase section */

/* Begin PBXGroup section */
		BEF14CE02D318700008A0B3C = {
			isa = PBXGroup;
			children = (
				BE405DFA2D31A8F4006B3CC6 /* Workout+CoreDataClass.swift */,
				BE405DFB2D31A8F4006B3CC6 /* Workout+CoreDataProperties.swift */,
				BEF14CEB2D318700008A0B3C /* SimpleFitness */,
				BEF14D012D318702008A0B3C /* SimpleFitnessTests */,
				BEF14D0B2D318702008A0B3C /* SimpleFitnessUITests */,
				BE405DB12D319794006B3CC6 /* SimpleFitness.app */,
				BE405DC12D31A8D9006B3CC6 /* SimpleFitnessTests.xctest */,
				BE405DC22D31A8D9006B3CC6 /* SimpleFitnessUITests.xctest */,
			);
			sourceTree = "<group>";
		};
/* End PBXGroup section */

/* Begin PBXNativeTarget section */
		BEF14CE82D318700008A0B3C /* SimpleFitness */ = {
			isa = PBXNativeTarget;
			buildConfigurationList = BEF14D122D318702008A0B3C /* Build configuration list for PBXNativeTarget "SimpleFitness" */;
			buildPhases = (
				BEF14CE52D318700008A0B3C /* Sources */,
				BEF14CE62D318700008A0B3C /* Frameworks */,
				BEF14CE72D318700008A0B3C /* Resources */,
			);
			buildRules = (
			);
			dependencies = (
			);
			fileSystemSynchronizedGroups = (
				BEF14CEB2D318700008A0B3C /* SimpleFitness */,
			);
			name = SimpleFitness;
			packageProductDependencies = (
			);
			productName = SimpleFitness;
			productReference = BE405DB12D319794006B3CC6 /* SimpleFitness.app */;
			productType = "com.apple.product-type.application";
		};
		BEF14CFD2D318702008A0B3C /* SimpleFitnessTests */ = {
			isa = PBXNativeTarget;
			buildConfigurationList = BEF14D152D318702008A0B3C /* Build configuration list for PBXNativeTarget "SimpleFitnessTests" */;
			buildPhases = (
				BEF14CFA2D318702008A0B3C /* Sources */,
				BEF14CFB2D318702008A0B3C /* Frameworks */,
				BEF14CFC2D318702008A0B3C /* Resources */,
			);
			buildRules = (
			);
			dependencies = (
				BEF14D002D318702008A0B3C /* PBXTargetDependency */,
			);
			fileSystemSynchronizedGroups = (
				BEF14D012D318702008A0B3C /* SimpleFitnessTests */,
			);
			name = SimpleFitnessTests;
			packageProductDependencies = (
			);
			productName = SimpleFitnessTests;
			productReference = BE405DC12D31A8D9006B3CC6 /* SimpleFitnessTests.xctest */;
			productType = "com.apple.product-type.bundle.unit-test";
		};
		BEF14D072D318702008A0B3C /* SimpleFitnessUITests */ = {
			isa = PBXNativeTarget;
			buildConfigurationList = BEF14D182D318702008A0B3C /* Build configuration list for PBXNativeTarget "SimpleFitnessUITests" */;
			buildPhases = (
				BEF14D042D318702008A0B3C /* Sources */,
				BEF14D052D318702008A0B3C /* Frameworks */,
				BEF14D062D318702008A0B3C /* Resources */,
			);
			buildRules = (
			);
			dependencies = (
				BEF14D0A2D318702008A0B3C /* PBXTargetDependency */,
			);
			fileSystemSynchronizedGroups = (
				BEF14D0B2D318702008A0B3C /* SimpleFitnessUITests */,
			);
			name = SimpleFitnessUITests;
			packageProductDependencies = (
			);
			productName = SimpleFitnessUITests;
			productReference = BE405DC22D31A8D9006B3CC6 /* SimpleFitnessUITests.xctest */;
			productType = "com.apple.product-type.bundle.ui-testing";
		};
/* End PBXNativeTarget section */

/* Begin PBXProject section */
		BEF14CE12D318700008A0B3C /* Project object */ = {
			isa = PBXProject;
			attributes = {
				BuildIndependentTargetsInParallel = 1;
				LastSwiftUpdateCheck = 1620;
				LastUpgradeCheck = 1620;
				TargetAttributes = {
					BEF14CE82D318700008A0B3C = {
						CreatedOnToolsVersion = 16.2;
					};
					BEF14CFD2D318702008A0B3C = {
						CreatedOnToolsVersion = 16.2;
						TestTargetID = BEF14CE82D318700008A0B3C;
					};
					BEF14D072D318702008A0B3C = {
						CreatedOnToolsVersion = 16.2;
						TestTargetID = BEF14CE82D318700008A0B3C;
					};
				};
			};
			buildConfigurationList = BEF14CE42D318700008A0B3C /* Build configuration list for PBXProject "SimpleFitness" */;
			developmentRegion = en;
			hasScannedForEncodings = 0;
			knownRegions = (
				en,
				Base,
			);
			mainGroup = BEF14CE02D318700008A0B3C;
			minimizedProjectReferenceProxies = 1;
			preferredProjectObjectVersion = 77;
			productRefGroup = BEF14CE02D318700008A0B3C;
			projectDirPath = "";
			projectRoot = "";
			targets = (
				BEF14CE82D318700008A0B3C /* SimpleFitness */,
				BEF14CFD2D318702008A0B3C /* SimpleFitnessTests */,
				BEF14D072D318702008A0B3C /* SimpleFitnessUITests */,
			);
		};
/* End PBXProject section */

/* Begin PBXResourcesBuildPhase section */
		BEF14CE72D318700008A0B3C /* Resources */ = {
			isa = PBXResourcesBuildPhase;
			buildActionMask = 2147483647;
			files = (
			);
			runOnlyForDeploymentPostprocessing = 0;
		};
		BEF14CFC2D318702008A0B3C /* Resources */ = {
			isa = PBXResourcesBuildPhase;
			buildActionMask = 2147483647;
			files = (
			);
			runOnlyForDeploymentPostprocessing = 0;
		};
		BEF14D062D318702008A0B3C /* Resources */ = {
			isa = PBXResourcesBuildPhase;
			buildActionMask = 2147483647;
			files = (
			);
			runOnlyForDeploymentPostprocessing = 0;
		};
/* End PBXResourcesBuildPhase section */

/* Begin PBXSourcesBuildPhase section */
		BEF14CE52D318700008A0B3C /* Sources */ = {
			isa = PBXSourcesBuildPhase;
			buildActionMask = 2147483647;
			files = (
			);
			runOnlyForDeploymentPostprocessing = 0;
		};
		BEF14CFA2D318702008A0B3C /* Sources */ = {
			isa = PBXSourcesBuildPhase;
			buildActionMask = 2147483647;
			files = (
			);
			runOnlyForDeploymentPostprocessing = 0;
		};
		BEF14D042D318702008A0B3C /* Sources */ = {
			isa = PBXSourcesBuildPhase;
			buildActionMask = 2147483647;
			files = (
			);
			runOnlyForDeploymentPostprocessing = 0;
		};
/* End PBXSourcesBuildPhase section */

/* Begin PBXTargetDependency section */
		BEF14D002D318702008A0B3C /* PBXTargetDependency */ = {
			isa = PBXTargetDependency;
			target = BEF14CE82D318700008A0B3C /* SimpleFitness */;
			targetProxy = BEF14CFF2D318702008A0B3C /* PBXContainerItemProxy */;
		};
		BEF14D0A2D318702008A0B3C /* PBXTargetDependency */ = {
			isa = PBXTargetDependency;
			target = BEF14CE82D318700008A0B3C /* SimpleFitness */;
			targetProxy = BEF14D092D318702008A0B3C /* PBXContainerItemProxy */;
		};
/* End PBXTargetDependency section */

/* Begin XCBuildConfiguration section */
		BEF14D102D318702008A0B3C /* Debug */ = {
			isa = XCBuildConfiguration;
			buildSettings = {
				ALWAYS_SEARCH_USER_PATHS = NO;
				ASSETCATALOG_COMPILER_GENERATE_SWIFT_ASSET_SYMBOL_EXTENSIONS = YES;
				CLANG_ANALYZER_NONNULL = YES;
				CLANG_ANALYZER_NUMBER_OBJECT_CONVERSION = YES_AGGRESSIVE;
				CLANG_CXX_LANGUAGE_STANDARD = "gnu++20";
				CLANG_ENABLE_MODULES = YES;
				CLANG_ENABLE_OBJC_ARC = YES;
				CLANG_ENABLE_OBJC_WEAK = YES;
				CLANG_WARN_BLOCK_CAPTURE_AUTORELEASING = YES;
				CLANG_WARN_BOOL_CONVERSION = YES;
				CLANG_WARN_COMMA = YES;
				CLANG_WARN_CONSTANT_CONVERSION = YES;
				CLANG_WARN_DEPRECATED_OBJC_IMPLEMENTATIONS = YES;
				CLANG_WARN_DIRECT_OBJC_ISA_USAGE = YES_ERROR;
				CLANG_WARN_DOCUMENTATION_COMMENTS = YES;
				CLANG_WARN_EMPTY_BODY = YES;
				CLANG_WARN_ENUM_CONVERSION = YES;
				CLANG_WARN_INFINITE_RECURSION = YES;
				CLANG_WARN_INT_CONVERSION = YES;
				CLANG_WARN_NON_LITERAL_NULL_CONVERSION = YES;
				CLANG_WARN_OBJC_IMPLICIT_RETAIN_SELF = YES;
				CLANG_WARN_OBJC_LITERAL_CONVERSION = YES;
				CLANG_WARN_OBJC_ROOT_CLASS = YES_ERROR;
				CLANG_WARN_QUOTED_INCLUDE_IN_FRAMEWORK_HEADER = YES;
				CLANG_WARN_RANGE_LOOP_ANALYSIS = YES;
				CLANG_WARN_STRICT_PROTOTYPES = YES;
				CLANG_WARN_SUSPICIOUS_MOVE = YES;
				CLANG_WARN_UNGUARDED_AVAILABILITY = YES_AGGRESSIVE;
				CLANG_WARN_UNREACHABLE_CODE = YES;
				CLANG_WARN__DUPLICATE_METHOD_MATCH = YES;
				COPY_PHASE_STRIP = NO;
				DEBUG_INFORMATION_FORMAT = dwarf;
				ENABLE_STRICT_OBJC_MSGSEND = YES;
				ENABLE_TESTABILITY = YES;
				ENABLE_USER_SCRIPT_SANDBOXING = YES;
				GCC_C_LANGUAGE_STANDARD = gnu17;
				GCC_DYNAMIC_NO_PIC = NO;
				GCC_NO_COMMON_BLOCKS = YES;
				GCC_OPTIMIZATION_LEVEL = 0;
				GCC_PREPROCESSOR_DEFINITIONS = (
					"DEBUG=1",
					"$(inherited)",
				);
				GCC_WARN_64_TO_32_BIT_CONVERSION = YES;
				GCC_WARN_ABOUT_RETURN_TYPE = YES_ERROR;
				GCC_WARN_UNDECLARED_SELECTOR = YES;
				GCC_WARN_UNINITIALIZED_AUTOS = YES_AGGRESSIVE;
				GCC_WARN_UNUSED_FUNCTION = YES;
				GCC_WARN_UNUSED_VARIABLE = YES;
				IPHONEOS_DEPLOYMENT_TARGET = 18.2;
				LOCALIZATION_PREFERS_STRING_CATALOGS = YES;
				MTL_ENABLE_DEBUG_INFO = INCLUDE_SOURCE;
				MTL_FAST_MATH = YES;
				ONLY_ACTIVE_ARCH = YES;
				SDKROOT = iphoneos;
				SWIFT_ACTIVE_COMPILATION_CONDITIONS = "DEBUG $(inherited)";
				SWIFT_OPTIMIZATION_LEVEL = "-Onone";
			};
			name = Debug;
		};
		BEF14D112D318702008A0B3C /* Release */ = {
			isa = XCBuildConfiguration;
			buildSettings = {
				ALWAYS_SEARCH_USER_PATHS = NO;
				ASSETCATALOG_COMPILER_GENERATE_SWIFT_ASSET_SYMBOL_EXTENSIONS = YES;
				CLANG_ANALYZER_NONNULL = YES;
				CLANG_ANALYZER_NUMBER_OBJECT_CONVERSION = YES_AGGRESSIVE;
				CLANG_CXX_LANGUAGE_STANDARD = "gnu++20";
				CLANG_ENABLE_MODULES = YES;
				CLANG_ENABLE_OBJC_ARC = YES;
				CLANG_ENABLE_OBJC_WEAK = YES;
				CLANG_WARN_BLOCK_CAPTURE_AUTORELEASING = YES;
				CLANG_WARN_BOOL_CONVERSION = YES;
				CLANG_WARN_COMMA = YES;
				CLANG_WARN_CONSTANT_CONVERSION = YES;
				CLANG_WARN_DEPRECATED_OBJC_IMPLEMENTATIONS = YES;
				CLANG_WARN_DIRECT_OBJC_ISA_USAGE = YES_ERROR;
				CLANG_WARN_DOCUMENTATION_COMMENTS = YES;
				CLANG_WARN_EMPTY_BODY = YES;
				CLANG_WARN_ENUM_CONVERSION = YES;
				CLANG_WARN_INFINITE_RECURSION = YES;
				CLANG_WARN_INT_CONVERSION = YES;
				CLANG_WARN_NON_LITERAL_NULL_CONVERSION = YES;
				CLANG_WARN_OBJC_IMPLICIT_RETAIN_SELF = YES;
				CLANG_WARN_OBJC_LITERAL_CONVERSION = YES;
				CLANG_WARN_OBJC_ROOT_CLASS = YES_ERROR;
				CLANG_WARN_QUOTED_INCLUDE_IN_FRAMEWORK_HEADER = YES;
				CLANG_WARN_RANGE_LOOP_ANALYSIS = YES;
				CLANG_WARN_STRICT_PROTOTYPES = YES;
				CLANG_WARN_SUSPICIOUS_MOVE = YES;
				CLANG_WARN_UNGUARDED_AVAILABILITY = YES_AGGRESSIVE;
				CLANG_WARN_UNREACHABLE_CODE = YES;
				CLANG_WARN__DUPLICATE_METHOD_MATCH = YES;
				COPY_PHASE_STRIP = NO;
				DEBUG_INFORMATION_FORMAT = "dwarf-with-dsym";
				ENABLE_NS_ASSERTIONS = NO;
				ENABLE_STRICT_OBJC_MSGSEND = YES;
				ENABLE_USER_SCRIPT_SANDBOXING = YES;
				GCC_C_LANGUAGE_STANDARD = gnu17;
				GCC_NO_COMMON_BLOCKS = YES;
				GCC_WARN_64_TO_32_BIT_CONVERSION = YES;
				GCC_WARN_ABOUT_RETURN_TYPE = YES_ERROR;
				GCC_WARN_UNDECLARED_SELECTOR = YES;
				GCC_WARN_UNINITIALIZED_AUTOS = YES_AGGRESSIVE;
				GCC_WARN_UNUSED_FUNCTION = YES;
				GCC_WARN_UNUSED_VARIABLE = YES;
				IPHONEOS_DEPLOYMENT_TARGET = 18.2;
				LOCALIZATION_PREFERS_STRING_CATALOGS = YES;
				MTL_ENABLE_DEBUG_INFO = NO;
				MTL_FAST_MATH = YES;
				SDKROOT = iphoneos;
				SWIFT_COMPILATION_MODE = wholemodule;
				VALIDATE_PRODUCT = YES;
			};
			name = Release;
		};
		BEF14D132D318702008A0B3C /* Debug */ = {
			isa = XCBuildConfiguration;
			buildSettings = {
				ASSETCATALOG_COMPILER_APPICON_NAME = AppIcon;
				ASSETCATALOG_COMPILER_GLOBAL_ACCENT_COLOR_NAME = AccentColor;
				ASSETCATALOG_COMPILER_INCLUDE_ALL_APPICON_ASSETS = NO;
				CODE_SIGN_STYLE = Automatic;
				CURRENT_PROJECT_VERSION = 1;
				DEVELOPMENT_ASSET_PATHS = "\"SimpleFitness/Preview Content\"";
				DEVELOPMENT_TEAM = N4532ARD6Z;
				ENABLE_PREVIEWS = YES;
				GENERATE_INFOPLIST_FILE = YES;
				INFOPLIST_FILE = SimpleFitness/Info.plist;
				INFOPLIST_KEY_NSLocationAlwaysAndWhenInUseUsageDescription = "SimpleFitness requires background location to continue tracking your runs and bike rides";
				INFOPLIST_KEY_NSLocationWhenInUseUsageDescription = "SimpleFitness needs your location to track your outdoor workouts";
				INFOPLIST_KEY_UIApplicationSceneManifest_Generation = YES;
				INFOPLIST_KEY_UIApplicationSupportsIndirectInputEvents = YES;
				INFOPLIST_KEY_UILaunchScreen_Generation = YES;
				INFOPLIST_KEY_UISupportedInterfaceOrientations_iPad = "UIInterfaceOrientationPortrait UIInterfaceOrientationPortraitUpsideDown UIInterfaceOrientationLandscapeLeft UIInterfaceOrientationLandscapeRight";
				INFOPLIST_KEY_UISupportedInterfaceOrientations_iPhone = "UIInterfaceOrientationPortrait UIInterfaceOrientationLandscapeLeft UIInterfaceOrientationLandscapeRight";
				LD_RUNPATH_SEARCH_PATHS = (
					"$(inherited)",
					"@executable_path/Frameworks",
				);
				MARKETING_VERSION = 1.0;
				PRODUCT_BUNDLE_IDENTIFIER = com.example.drewboynton.SimpleFitness;
				PRODUCT_NAME = "$(TARGET_NAME)";
				SWIFT_EMIT_LOC_STRINGS = YES;
				SWIFT_VERSION = 5.0;
				TARGETED_DEVICE_FAMILY = "1,2";
			};
			name = Debug;
		};
		BEF14D142D318702008A0B3C /* Release */ = {
			isa = XCBuildConfiguration;
			buildSettings = {
				ASSETCATALOG_COMPILER_APPICON_NAME = AppIcon;
				ASSETCATALOG_COMPILER_GLOBAL_ACCENT_COLOR_NAME = AccentColor;
				ASSETCATALOG_COMPILER_INCLUDE_ALL_APPICON_ASSETS = NO;
				CODE_SIGN_STYLE = Automatic;
				CURRENT_PROJECT_VERSION = 1;
				DEVELOPMENT_ASSET_PATHS = "\"SimpleFitness/Preview Content\"";
				DEVELOPMENT_TEAM = N4532ARD6Z;
				ENABLE_PREVIEWS = YES;
				GENERATE_INFOPLIST_FILE = YES;
				INFOPLIST_FILE = SimpleFitness/Info.plist;
				INFOPLIST_KEY_NSLocationAlwaysAndWhenInUseUsageDescription = "SimpleFitness requires background location to continue tracking your runs and bike rides";
				INFOPLIST_KEY_NSLocationWhenInUseUsageDescription = "SimpleFitness needs your location to track your outdoor workouts";
				INFOPLIST_KEY_UIApplicationSceneManifest_Generation = YES;
				INFOPLIST_KEY_UIApplicationSupportsIndirectInputEvents = YES;
				INFOPLIST_KEY_UILaunchScreen_Generation = YES;
				INFOPLIST_KEY_UISupportedInterfaceOrientations_iPad = "UIInterfaceOrientationPortrait UIInterfaceOrientationPortraitUpsideDown UIInterfaceOrientationLandscapeLeft UIInterfaceOrientationLandscapeRight";
				INFOPLIST_KEY_UISupportedInterfaceOrientations_iPhone = "UIInterfaceOrientationPortrait UIInterfaceOrientationLandscapeLeft UIInterfaceOrientationLandscapeRight";
				LD_RUNPATH_SEARCH_PATHS = (
					"$(inherited)",
					"@executable_path/Frameworks",
				);
				MARKETING_VERSION = 1.0;
				PRODUCT_BUNDLE_IDENTIFIER = com.example.drewboynton.SimpleFitness;
				PRODUCT_NAME = "$(TARGET_NAME)";
				SWIFT_EMIT_LOC_STRINGS = YES;
				SWIFT_VERSION = 5.0;
				TARGETED_DEVICE_FAMILY = "1,2";
			};
			name = Release;
		};
		BEF14D162D318702008A0B3C /* Debug */ = {
			isa = XCBuildConfiguration;
			buildSettings = {
				BUNDLE_LOADER = "$(TEST_HOST)";
				CODE_SIGN_STYLE = Automatic;
				CURRENT_PROJECT_VERSION = 1;
				DEVELOPMENT_TEAM = N4532ARD6Z;
				GENERATE_INFOPLIST_FILE = YES;
				IPHONEOS_DEPLOYMENT_TARGET = 18.2;
				MARKETING_VERSION = 1.0;
				PRODUCT_BUNDLE_IDENTIFIER = com.example.drewboynton.SimpleFitnessTests;
				PRODUCT_NAME = "$(TARGET_NAME)";
				SWIFT_EMIT_LOC_STRINGS = NO;
				SWIFT_VERSION = 5.0;
				TARGETED_DEVICE_FAMILY = "1,2";
				TEST_HOST = "$(BUILT_PRODUCTS_DIR)/SimpleFitness.app/$(BUNDLE_EXECUTABLE_FOLDER_PATH)/SimpleFitness";
			};
			name = Debug;
		};
		BEF14D172D318702008A0B3C /* Release */ = {
			isa = XCBuildConfiguration;
			buildSettings = {
				BUNDLE_LOADER = "$(TEST_HOST)";
				CODE_SIGN_STYLE = Automatic;
				CURRENT_PROJECT_VERSION = 1;
				DEVELOPMENT_TEAM = N4532ARD6Z;
				GENERATE_INFOPLIST_FILE = YES;
				IPHONEOS_DEPLOYMENT_TARGET = 18.2;
				MARKETING_VERSION = 1.0;
				PRODUCT_BUNDLE_IDENTIFIER = com.example.drewboynton.SimpleFitnessTests;
				PRODUCT_NAME = "$(TARGET_NAME)";
				SWIFT_EMIT_LOC_STRINGS = NO;
				SWIFT_VERSION = 5.0;
				TARGETED_DEVICE_FAMILY = "1,2";
				TEST_HOST = "$(BUILT_PRODUCTS_DIR)/SimpleFitness.app/$(BUNDLE_EXECUTABLE_FOLDER_PATH)/SimpleFitness";
			};
			name = Release;
		};
		BEF14D192D318702008A0B3C /* Debug */ = {
			isa = XCBuildConfiguration;
			buildSettings = {
				CODE_SIGN_STYLE = Automatic;
				CURRENT_PROJECT_VERSION = 1;
				DEVELOPMENT_TEAM = N4532ARD6Z;
				GENERATE_INFOPLIST_FILE = YES;
				MARKETING_VERSION = 1.0;
				PRODUCT_BUNDLE_IDENTIFIER = com.example.drewboynton.SimpleFitnessUITests;
				PRODUCT_NAME = "$(TARGET_NAME)";
				SWIFT_EMIT_LOC_STRINGS = NO;
				SWIFT_VERSION = 5.0;
				TARGETED_DEVICE_FAMILY = "1,2";
				TEST_TARGET_NAME = SimpleFitness;
			};
			name = Debug;
		};
		BEF14D1A2D318702008A0B3C /* Release */ = {
			isa = XCBuildConfiguration;
			buildSettings = {
				CODE_SIGN_STYLE = Automatic;
				CURRENT_PROJECT_VERSION = 1;
				DEVELOPMENT_TEAM = N4532ARD6Z;
				GENERATE_INFOPLIST_FILE = YES;
				MARKETING_VERSION = 1.0;
				PRODUCT_BUNDLE_IDENTIFIER = com.example.drewboynton.SimpleFitnessUITests;
				PRODUCT_NAME = "$(TARGET_NAME)";
				SWIFT_EMIT_LOC_STRINGS = NO;
				SWIFT_VERSION = 5.0;
				TARGETED_DEVICE_FAMILY = "1,2";
				TEST_TARGET_NAME = SimpleFitness;
			};
			name = Release;
		};
/* End XCBuildConfiguration section */

/* Begin XCConfigurationList section */
		BEF14CE42D318700008A0B3C /* Build configuration list for PBXProject "SimpleFitness" */ = {
			isa = XCConfigurationList;
			buildConfigurations = (
				BEF14D102D318702008A0B3C /* Debug */,
				BEF14D112D318702008A0B3C /* Release */,
			);
			defaultConfigurationIsVisible = 0;
			defaultConfigurationName = Release;
		};
		BEF14D122D318702008A0B3C /* Build configuration list for PBXNativeTarget "SimpleFitness" */ = {
			isa = XCConfigurationList;
			buildConfigurations = (
				BEF14D132D318702008A0B3C /* Debug */,
				BEF14D142D318702008A0B3C /* Release */,
			);
			defaultConfigurationIsVisible = 0;
			defaultConfigurationName = Release;
		};
		BEF14D152D318702008A0B3C /* Build configuration list for PBXNativeTarget "SimpleFitnessTests" */ = {
			isa = XCConfigurationList;
			buildConfigurations = (
				BEF14D162D318702008A0B3C /* Debug */,
				BEF14D172D318702008A0B3C /* Release */,
			);
			defaultConfigurationIsVisible = 0;
			defaultConfigurationName = Release;
		};
		BEF14D182D318702008A0B3C /* Build configuration list for PBXNativeTarget "SimpleFitnessUITests" */ = {
			isa = XCConfigurationList;
			buildConfigurations = (
				BEF14D192D318702008A0B3C /* Debug */,
				BEF14D1A2D318702008A0B3C /* Release */,
			);
			defaultConfigurationIsVisible = 0;
			defaultConfigurationName = Release;
		};
/* End XCConfigurationList section */
	};
	rootObject = BEF14CE12D318700008A0B3C /* Project object */;
}
